
Microsoft Visual Studio Solution File, Format Version 12.00
# Visual Studio Version 16
VisualStudioVersion = 16.0.29215.179
MinimumVisualStudioVersion = 10.0.40219.1
Project("{FAE04EC0-301F-11D3-BF4B-00C04F79EFBC}") = "TI_POO_AC2", "TI_POO_AC2\TI_POO_AC2.csproj", "{2EA1C0C3-44D9-4C61-9683-E9ADF7BC17C3}"
EndProject
Global
	GlobalSection(SolutionConfigurationPlatforms) = preSolution
		Debug|Any CPU = Debug|Any CPU
		Release|Any CPU = Release|Any CPU
	EndGlobalSection
	GlobalSection(ProjectConfigurationPlatforms) = postSolution
		{2EA1C0C3-44D9-4C61-9683-E9ADF7BC17C3}.Debug|Any CPU.ActiveCfg = Debug|Any CPU
		{2EA1C0C3-44D9-4C61-9683-E9ADF7BC17C3}.Debug|Any CPU.Build.0 = Debug|Any CPU
		{2EA1C0C3-44D9-4C61-9683-E9ADF7BC17C3}.Release|Any CPU.ActiveCfg = Release|Any CPU
		{2EA1C0C3-44D9-4C61-9683-E9ADF7BC17C3}.Release|Any CPU.Build.0 = Release|Any CPU
	EndGlobalSection
	GlobalSection(SolutionProperties) = preSolution
		HideSolutionNode = FALSE
	EndGlobalSection
	GlobalSection(ExtensibilityGlobals) = postSolution
		SolutionGuid = {CC2745CF-7D99-41A2-AF6C-EE39D27B9786}
	EndGlobalSection
EndGlobal
